<?xml version="1.0" encoding="utf-8"?>
<Project ToolsVersion="4.0" xmlns="http://schemas.microsoft.com/developer/msbuild/2003">
  <ItemGroup>
    <Filter Include="Source Files">
      <UniqueIdentifier>{4FC737F1-C7A5-4376-A066-2A32D752A2FF}</UniqueIdentifier>
      <Extensions>cpp;c;cc;cxx;def;odl;idl;hpj;bat;asm;asmx</Extensions>
    </Filter>
    <Filter Include="Header Files">
      <UniqueIdentifier>{93995380-89BD-4b04-88EB-625FBE52EBFB}</UniqueIdentifier>
      <Extensions>h;hpp;hxx;hm;inl;inc;xsd</Extensions>
    </Filter>
    <Filter Include="Resource Files">
      <UniqueIdentifier>{67DA6AB6-F800-4c08-8B7A-83BB121AAD01}</UniqueIdentifier>
      <Extensions>rc;ico;cur;bmp;dlg;rc2;rct;bin;rgs;gif;jpg;jpeg;jpe;resx;tiff;tif;png;wav</Extensions>
    </Filter>
    <Filter Include="Header Files\Engine">
      <UniqueIdentifier>{5649f262-bb82-4912-9241-a9fbe0e16dbf}</UniqueIdentifier>
    </Filter>
    <Filter Include="Source Files\Engine">
      <UniqueIdentifier>{61416e5a-7152-41b0-9196-6643b3c99ea7}</UniqueIdentifier>
    </Filter>
    <Filter Include="Header Files\Engine\Rendering">
      <UniqueIdentifier>{86ce2d14-95b0-4426-ac04-425edfd760ca}</UniqueIdentifier>
    </Filter>
    <Filter Include="Source Files\Engine\Rendering">
      <UniqueIdentifier>{70ba516a-69ea-4888-9f22-6fd66cb736db}</UniqueIdentifier>
    </Filter>
    <Filter Include="Header Files\Game">
      <UniqueIdentifier>{2b6a3e1b-9be4-4a4c-ae8e-3a96c0d0e59d}</UniqueIdentifier>
    </Filter>
    <Filter Include="Header Files\Game\EngineTests">
      <UniqueIdentifier>{dd30c586-99ea-4988-b9f1-f3dfc5fdeba2}</UniqueIdentifier>
    </Filter>
    <Filter Include="Shaders">
      <UniqueIdentifier>{bf2b917a-2f89-40fc-a436-5842c11b5c82}</UniqueIdentifier>
    </Filter>
    <Filter Include="Source Files\Game">
      <UniqueIdentifier>{f3ffb0cd-f379-4a11-87ca-2563aa36c919}</UniqueIdentifier>
    </Filter>
    <Filter Include="Source Files\Game\EngineTests">
      <UniqueIdentifier>{84a15c49-00ac-4a19-b04b-24be62e589e0}</UniqueIdentifier>
    </Filter>
    <Filter Include="Header Files\Game\Title">
      <UniqueIdentifier>{d569a653-b2f5-43b6-82fe-50a98385f807}</UniqueIdentifier>
    </Filter>
    <Filter Include="Source Files\Game\Title">
      <UniqueIdentifier>{dc60ce27-790d-4402-a892-d441d21b39e8}</UniqueIdentifier>
    </Filter>
  </ItemGroup>
  <ItemGroup>
    <ClCompile Include="Main.cpp">
      <Filter>Source Files</Filter>
    </ClCompile>
    <ClCompile Include="stdafx.cpp">
      <Filter>Source Files</Filter>
    </ClCompile>
    <ClCompile Include="DemoCube.cpp">
      <Filter>Source Files\Game\EngineTests</Filter>
    </ClCompile>
    <ClCompile Include="Assets.cpp">
      <Filter>Source Files\Engine</Filter>
    </ClCompile>
    <ClCompile Include="Shaders.cpp">
      <Filter>Source Files\Engine\Rendering</Filter>
    </ClCompile>
    <ClCompile Include="VertexIn.cpp">
      <Filter>Source Files\Engine\Rendering</Filter>
    </ClCompile>
    <ClCompile Include="DemoRotatingCube.cpp">
      <Filter>Source Files\Game\EngineTests</Filter>
    </ClCompile>
    <ClCompile Include="Device.cpp">
      <Filter>Source Files\Engine</Filter>
    </ClCompile>
    <ClCompile Include="PostEffect.cpp">
      <Filter>Source Files\Engine\Rendering</Filter>
    </ClCompile>
    <ClCompile Include="TaskList.cpp">
      <Filter>Source Files\Engine</Filter>
    </ClCompile>
    <ClCompile Include="Tex2D.cpp">
      <Filter>Source Files\Engine\Rendering</Filter>
    </ClCompile>
    <ClCompile Include="Sprite2D.cpp">
      <Filter>Source Files\Engine\Rendering</Filter>
    </ClCompile>
    <ClCompile Include="TitleGUI.cpp">
      <Filter>Source Files\Game\Title</Filter>
    </ClCompile>
    <ClCompile Include="Cursor.cpp">
      <Filter>Source Files\Engine</Filter>
    </ClCompile>
    <ClCompile Include="Button.cpp">
      <Filter>Source Files\Engine</Filter>
    </ClCompile>
    <ClCompile Include="StageSelectGUI.cpp">
      <Filter>Source Files\Game\Title</Filter>
    </ClCompile>
    <ClCompile Include="SavaData.cpp">
      <Filter>Source Files\Game</Filter>
    </ClCompile>
    <ClCompile Include="StageSelectMenu.cpp">
      <Filter>Source Files\Game\Title</Filter>
    </ClCompile>
    <ClCompile Include="MainBackground.cpp">
      <Filter>Source Files\Game</Filter>
    </ClCompile>
    <ClCompile Include="ObjLoader.cpp">
      <Filter>Source Files\Engine\Rendering</Filter>
    </ClCompile>
    <ClCompile Include="ObjModel.cpp">
      <Filter>Source Files\Game</Filter>
    </ClCompile>
  </ItemGroup>
  <ItemGroup>
    <ClInclude Include="stdafx.h">
      <Filter>Header Files</Filter>
    </ClInclude>
    <ClInclude Include="Globals.h">
      <Filter>Header Files</Filter>
    </ClInclude>
    <ClInclude Include="Optional.h">
      <Filter>Header Files\Engine</Filter>
    </ClInclude>
    <ClInclude Include="GameObject.h">
      <Filter>Header Files\Engine</Filter>
    </ClInclude>
    <ClInclude Include="ObjectSet.h">
      <Filter>Header Files\Engine</Filter>
    </ClInclude>
    <ClInclude Include="Shaders.h">
      <Filter>Header Files\Engine\Rendering</Filter>
    </ClInclude>
    <ClInclude Include="Assets.h">
      <Filter>Header Files\Engine</Filter>
    </ClInclude>
    <ClInclude Include="VertexIn.h">
      <Filter>Header Files\Engine\Rendering</Filter>
    </ClInclude>
    <ClInclude Include="DemoCube.h">
      <Filter>Header Files\Game\EngineTests</Filter>
    </ClInclude>
    <ClInclude Include="DemoRotatingCube.h">
      <Filter>Header Files\Game\EngineTests</Filter>
    </ClInclude>
    <ClInclude Include="Device.h">
      <Filter>Header Files\Engine</Filter>
    </ClInclude>
    <ClInclude Include="PostEffect.h">
      <Filter>Header Files\Engine\Rendering</Filter>
    </ClInclude>
    <ClInclude Include="Tween.h">
      <Filter>Header Files\Engine</Filter>
    </ClInclude>
    <ClInclude Include="TaskList.h">
      <Filter>Header Files\Engine</Filter>
    </ClInclude>
    <ClInclude Include="Tex2D.h">
      <Filter>Header Files\Engine\Rendering</Filter>
    </ClInclude>
    <ClInclude Include="Sprite2D.h">
      <Filter>Header Files\Engine\Rendering</Filter>
    </ClInclude>
    <ClInclude Include="TitleGUI.h">
      <Filter>Header Files\Game\Title</Filter>
    </ClInclude>
    <ClInclude Include="Cursor.h">
      <Filter>Header Files\Engine</Filter>
    </ClInclude>
    <ClInclude Include="StageSelectGUI.h">
      <Filter>Header Files\Game\Title</Filter>
    </ClInclude>
    <ClInclude Include="Button.h">
      <Filter>Header Files\Engine</Filter>
    </ClInclude>
    <ClInclude Include="SavaData.h">
      <Filter>Header Files\Game</Filter>
    </ClInclude>
    <ClInclude Include="StageSelectMenu.h">
      <Filter>Header Files\Game\Title</Filter>
    </ClInclude>
    <ClInclude Include="MainBackground.h">
      <Filter>Header Files\Game</Filter>
    </ClInclude>
    <ClInclude Include="ObjLoader.h">
      <Filter>Header Files\Engine\Rendering</Filter>
    </ClInclude>
    <ClInclude Include="ObjModel.h">
      <Filter>Header Files\Game</Filter>
    </ClInclude>
  </ItemGroup>
  <ItemGroup>
    <FxCompile Include="VSDefaultWVP.hlsl">
      <Filter>Shaders</Filter>
    </FxCompile>
    <FxCompile Include="PSColorOnly.hlsl">
      <Filter>Shaders</Filter>
    </FxCompile>
    <FxCompile Include="PSTitleBackground.hlsl">
      <Filter>Shaders</Filter>
    </FxCompile>
    <FxCompile Include="PSSprite2DDefault.hlsl">
      <Filter>Shaders</Filter>
    </FxCompile>
    <FxCompile Include="PSCubeModel.hlsl">
      <Filter>Shaders</Filter>
    </FxCompile>
  </ItemGroup>
  <ItemGroup>
    <None Include="VertexOut.hlsli">
      <Filter>Shaders</Filter>
    </None>
  </ItemGroup>
</Project>